
Microsoft Visual Studio Solution File, Format Version 12.00
# Visual Studio Version 17
VisualStudioVersion = 17.2.32505.173
MinimumVisualStudioVersion = 10.0.40219.1
Project("{FAE04EC0-301F-11D3-BF4B-00C04F79EFBC}") = "HW10WpfApp", "HW10WpfApp\HW10WpfApp.csproj", "{C12CB64E-F2B6-4AA8-8C41-8CF7ACCE555B}"
EndProject
Global
	GlobalSection(SolutionConfigurationPlatforms) = preSolution
		Debug|Any CPU = Debug|Any CPU
		Release|Any CPU = Release|Any CPU
	EndGlobalSection
	GlobalSection(ProjectConfigurationPlatforms) = postSolution
		{C12CB64E-F2B6-4AA8-8C41-8CF7ACCE555B}.Debug|Any CPU.ActiveCfg = Debug|Any CPU
		{C12CB64E-F2B6-4AA8-8C41-8CF7ACCE555B}.Debug|Any CPU.Build.0 = Debug|Any CPU
		{C12CB64E-F2B6-4AA8-8C41-8CF7ACCE555B}.Release|Any CPU.ActiveCfg = Release|Any CPU
		{C12CB64E-F2B6-4AA8-8C41-8CF7ACCE555B}.Release|Any CPU.Build.0 = Release|Any CPU
	EndGlobalSection
	GlobalSection(SolutionProperties) = preSolution
		HideSolutionNode = FALSE
	EndGlobalSection
	GlobalSection(ExtensibilityGlobals) = postSolution
		SolutionGuid = {237A967E-AC7E-463F-A214-BDBB4277B480}
	EndGlobalSection
EndGlobal
